{
  "originHash" : "533de208f7207fdd36b99a2f0036707fca012c23defe0e4e99a820106aff336d",
  "pins" : [
    {
      "identity" : "purchases-ios-spm",
      "kind" : "remoteSourceControl",
      "location" : "https://github.com/RevenueCat/purchases-ios-spm.git",
      "state" : {
        "revision" : "1821dc954cbd3fdc27a28f3356eb1a3d77642f04",
        "version" : "5.44.1"
      }
    }
  ],
  "version" : 3
}
